
Microsoft Visual Studio Solution File, Format Version 12.00
# Visual Studio 15
VisualStudioVersion = 15.0.26403.7
MinimumVisualStudioVersion = 10.0.40219.1
Project("{2150E333-8FDC-42A3-9474-1A3956D46DE8}") = "Solution Items", "Solution Items", "{450E4952-733F-42FA-8762-5DCF68F106C2}"
	ProjectSection(SolutionItems) = preProject
		clean_docker.sh = clean_docker.sh
		Local.testsettings = Local.testsettings
	EndProjectSection
EndProject
Project("{2150E333-8FDC-42A3-9474-1A3956D46DE8}") = "ecs", "ecs", "{9FAAD3AF-A1A8-4182-A109-6F0712F982AB}"
	ProjectSection(SolutionItems) = preProject
		ecs\deploy_ecs.sh = ecs\deploy_ecs.sh
		ecs\main.tf = ecs\main.tf
		ecs\services.tf = ecs\services.tf
		ecs\variables.tf = ecs\variables.tf
	EndProjectSection
EndProject
Project("{2150E333-8FDC-42A3-9474-1A3956D46DE8}") = "policies", "policies", "{48B45EDB-3B0B-4BF2-A3E2-F5A4283CB17C}"
	ProjectSection(SolutionItems) = preProject
		ecs\policies\ecr-role-policy.json = ecs\policies\ecr-role-policy.json
		ecs\policies\ecs-instance-role-policy.json = ecs\policies\ecs-instance-role-policy.json
		ecs\policies\ecs-role.json = ecs\policies\ecs-role.json
		ecs\policies\ecs-service-role-policy.json = ecs\policies\ecs-service-role-policy.json
		ecs\policies\log-policy.json = ecs\policies\log-policy.json
	EndProjectSection
EndProject
Project("{2150E333-8FDC-42A3-9474-1A3956D46DE8}") = "task-definitions", "task-definitions", "{FCAB50C8-1AD9-41F3-AA95-929C865FDF07}"
	ProjectSection(SolutionItems) = preProject
		ecs\task-definitions\clivis-task-template.json.tpl = ecs\task-definitions\clivis-task-template.json.tpl
	EndProjectSection
EndProject
Project("{9A19103F-16F7-4668-BE54-9A1E7A4F7556}") = "Clivis", "src\Clivis\Clivis.csproj", "{D1E8F233-34AA-4CF8-A6E0-25FD322D946D}"
EndProject
Project("{9A19103F-16F7-4668-BE54-9A1E7A4F7556}") = "UnitTestsClivis", "test\UnitTestsClivis\UnitTestsClivis.csproj", "{6171A5A2-5C5C-40FA-9B33-27759F0A696D}"
EndProject
Project("{9A19103F-16F7-4668-BE54-9A1E7A4F7556}") = "IntTestsClivis", "test\IntTestsClivis\IntTestsClivis.csproj", "{7A3A7731-D0BD-47E5-AC99-B60217B72C3D}"
EndProject
Project("{FAE04EC0-301F-11D3-BF4B-00C04F79EFBC}") = "SmokeLoadTestClivis", "test\LoadTestClivis\SmokeLoadTestClivis\SmokeLoadTestClivis.csproj", "{0D5D1575-5ED9-4C8C-BB11-65FAAA025EF8}"
EndProject
Global
	GlobalSection(SolutionConfigurationPlatforms) = preSolution
		Debug|Any CPU = Debug|Any CPU
		Release|Any CPU = Release|Any CPU
	EndGlobalSection
	GlobalSection(ProjectConfigurationPlatforms) = postSolution
		{D1E8F233-34AA-4CF8-A6E0-25FD322D946D}.Debug|Any CPU.ActiveCfg = Debug|Any CPU
		{D1E8F233-34AA-4CF8-A6E0-25FD322D946D}.Debug|Any CPU.Build.0 = Debug|Any CPU
		{D1E8F233-34AA-4CF8-A6E0-25FD322D946D}.Release|Any CPU.ActiveCfg = Release|Any CPU
		{D1E8F233-34AA-4CF8-A6E0-25FD322D946D}.Release|Any CPU.Build.0 = Release|Any CPU
		{6171A5A2-5C5C-40FA-9B33-27759F0A696D}.Debug|Any CPU.ActiveCfg = Debug|Any CPU
		{6171A5A2-5C5C-40FA-9B33-27759F0A696D}.Debug|Any CPU.Build.0 = Debug|Any CPU
		{6171A5A2-5C5C-40FA-9B33-27759F0A696D}.Release|Any CPU.ActiveCfg = Release|Any CPU
		{6171A5A2-5C5C-40FA-9B33-27759F0A696D}.Release|Any CPU.Build.0 = Release|Any CPU
		{7A3A7731-D0BD-47E5-AC99-B60217B72C3D}.Debug|Any CPU.ActiveCfg = Debug|Any CPU
		{7A3A7731-D0BD-47E5-AC99-B60217B72C3D}.Debug|Any CPU.Build.0 = Debug|Any CPU
		{7A3A7731-D0BD-47E5-AC99-B60217B72C3D}.Release|Any CPU.ActiveCfg = Release|Any CPU
		{7A3A7731-D0BD-47E5-AC99-B60217B72C3D}.Release|Any CPU.Build.0 = Release|Any CPU
		{0D5D1575-5ED9-4C8C-BB11-65FAAA025EF8}.Debug|Any CPU.ActiveCfg = Debug|Any CPU
		{0D5D1575-5ED9-4C8C-BB11-65FAAA025EF8}.Debug|Any CPU.Build.0 = Debug|Any CPU
		{0D5D1575-5ED9-4C8C-BB11-65FAAA025EF8}.Release|Any CPU.ActiveCfg = Release|Any CPU
		{0D5D1575-5ED9-4C8C-BB11-65FAAA025EF8}.Release|Any CPU.Build.0 = Release|Any CPU
	EndGlobalSection
	GlobalSection(SolutionProperties) = preSolution
		HideSolutionNode = FALSE
	EndGlobalSection
	GlobalSection(NestedProjects) = preSolution
		{48B45EDB-3B0B-4BF2-A3E2-F5A4283CB17C} = {9FAAD3AF-A1A8-4182-A109-6F0712F982AB}
		{FCAB50C8-1AD9-41F3-AA95-929C865FDF07} = {9FAAD3AF-A1A8-4182-A109-6F0712F982AB}
	EndGlobalSection
EndGlobal
